{
  "name": "SlackProtoStub",
  "version": "0.1.1",
  "lockfileVersion": 1,
  "dependencies": {
    "service-framework": {
      "version": "github:rethink-project/dev-service-framework#b090d1899c72d11b49b79484f3742765413d6696"
    },
    "slack": {
      "version": "9.0.9",
      "resolved": "https://registry.npmjs.org/slack/-/slack-9.0.9.tgz",
      "integrity": "sha512-hJ6vP7ScNiACWLen4XL3/Bb8JParV4lvrFAmMFeyvV8nsbvFePFZG9J0PtBC3DQuluXaOOJ76OhD/2Na/jbulQ=="
    },
    "tiny-json-http": {
      "version": "5.3.1",
      "resolved": "https://registry.npmjs.org/tiny-json-http/-/tiny-json-http-5.3.1.tgz",
      "integrity": "sha512-gcPPDevgWWrIoDW8KCQ22PJ3/bPV32h/0YRQij33tfbK+REBWw+x7JgptoczagOTonpbLV4znTv7D1PD4qt/Ig=="
    }
  }
}
